
Microsoft Visual Studio Solution File, Format Version 12.00
# Visual Studio Version 17
VisualStudioVersion = 17.5.002.0
MinimumVisualStudioVersion = 10.0.40219.1
Project("{9A19103F-16F7-4668-BE54-9A1E7A4F7556}") = "autbat", "autbat.csproj", "{B9283A54-6B90-4084-999E-497720B75F65}"
EndProject
Global
	GlobalSection(SolutionConfigurationPlatforms) = preSolution
		Debug|Any CPU = Debug|Any CPU
		Release|Any CPU = Release|Any CPU
	EndGlobalSection
	GlobalSection(ProjectConfigurationPlatforms) = postSolution
		{B9283A54-6B90-4084-999E-497720B75F65}.Debug|Any CPU.ActiveCfg = Debug|Any CPU
		{B9283A54-6B90-4084-999E-497720B75F65}.Debug|Any CPU.Build.0 = Debug|Any CPU
		{B9283A54-6B90-4084-999E-497720B75F65}.Release|Any CPU.ActiveCfg = Release|Any CPU
		{B9283A54-6B90-4084-999E-497720B75F65}.Release|Any CPU.Build.0 = Release|Any CPU
	EndGlobalSection
	GlobalSection(SolutionProperties) = preSolution
		HideSolutionNode = FALSE
	EndGlobalSection
	GlobalSection(ExtensibilityGlobals) = postSolution
		SolutionGuid = {03BDD8E7-4A42-442E-9CD5-C4D6F6C9185E}
	EndGlobalSection
EndGlobal
