
Microsoft Visual Studio Solution File, Format Version 12.00
# Visual Studio Version 17
VisualStudioVersion = 17.8.34322.80
MinimumVisualStudioVersion = 10.0.40219.1
Project("{FAE04EC0-301F-11D3-BF4B-00C04F79EFBC}") = "BlazorTest", "BlazorTest\BlazorTest.csproj", "{454F5944-6D71-4A94-A275-51682D8492B2}"
EndProject
Global
	GlobalSection(SolutionConfigurationPlatforms) = preSolution
		Debug|Any CPU = Debug|Any CPU
		Release|Any CPU = Release|Any CPU
	EndGlobalSection
	GlobalSection(ProjectConfigurationPlatforms) = postSolution
		{454F5944-6D71-4A94-A275-51682D8492B2}.Debug|Any CPU.ActiveCfg = Debug|Any CPU
		{454F5944-6D71-4A94-A275-51682D8492B2}.Debug|Any CPU.Build.0 = Debug|Any CPU
		{454F5944-6D71-4A94-A275-51682D8492B2}.Release|Any CPU.ActiveCfg = Release|Any CPU
		{454F5944-6D71-4A94-A275-51682D8492B2}.Release|Any CPU.Build.0 = Release|Any CPU
	EndGlobalSection
	GlobalSection(SolutionProperties) = preSolution
		HideSolutionNode = FALSE
	EndGlobalSection
	GlobalSection(ExtensibilityGlobals) = postSolution
		SolutionGuid = {DE76412B-32D6-41FA-91B1-4811EA7CE136}
	EndGlobalSection
EndGlobal
